
Microsoft Visual Studio Solution File, Format Version 12.00
Project("{2150E333-8FDC-42A3-9474-1A3956D46DE8}") = "Solution Items", "Solution Items", "{E8B96769-8098-40AB-9700-4496845D2F99}"
	ProjectSection(SolutionItems) = preProject
		docker-compose-api-dev.yml = docker-compose-api-dev.yml
		README.md = README.md
		LICENSE = LICENSE
		certs\aesir.localhost.crt = certs\aesir.localhost.crt
		certs\openssl.cnf = certs\openssl.cnf
		certs\traefik-dynamic.yml = certs\traefik-dynamic.yml
		certs\aesir.localhost.key = certs\aesir.localhost.key
		launch_ollama.sh = launch_ollama.sh
		docs\index.html = docs\index.html
		MODULE_SYSTEM.md = MODULE_SYSTEM.md
		CLAUDE.md = CLAUDE.md
		PLAN_TEMPLATE.md = PLAN_TEMPLATE.md
		ISSUES_TEMPLATE.md = ISSUES_TEMPLATE.md
	EndProjectSection
EndProject
Project("{2150E333-8FDC-42A3-9474-1A3956D46DE8}") = "Server", "Server", "{A0A6DAFF-49B2-4244-AF68-B050EA232C36}"
EndProject
Project("{2150E333-8FDC-42A3-9474-1A3956D46DE8}") = "Modules", "Modules", "{F19752C3-6DB2-4011-AF99-30730D2CDFA0}"
EndProject
Project("{FAE04EC0-301F-11D3-BF4B-00C04F79EFBC}") = "Aesir.Api.Server", "Server\Aesir.Api.Server\Aesir.Api.Server.csproj", "{D9894D26-EDEA-4C84-8F93-79484B0C6E6E}"
EndProject
Project("{FAE04EC0-301F-11D3-BF4B-00C04F79EFBC}") = "Aesir.Infrastructure", "Server\Aesir.Infrastructure\Aesir.Infrastructure.csproj", "{997B5FF7-4D5D-4884-92BD-EB5510F9FFA6}"
EndProject
Project("{FAE04EC0-301F-11D3-BF4B-00C04F79EFBC}") = "Aesir.Orchestration", "Server\Aesir.Orchestration\Aesir.Orchestration.csproj", "{0ACD9334-1F63-4114-8CAF-42FDD6A6B917}"
EndProject
Project("{FAE04EC0-301F-11D3-BF4B-00C04F79EFBC}") = "Aesir.Modules.Documents", "Server\Modules\Aesir.Modules.Documents\Aesir.Modules.Documents.csproj", "{E2F02174-B742-475B-861E-C650C4938F51}"
EndProject
Project("{FAE04EC0-301F-11D3-BF4B-00C04F79EFBC}") = "Aesir.Modules.Speech", "Server\Modules\Aesir.Modules.Speech\Aesir.Modules.Speech.csproj", "{B145CB67-E320-4EC7-AAD3-A8A4D69B0628}"
EndProject
Project("{FAE04EC0-301F-11D3-BF4B-00C04F79EFBC}") = "Aesir.Modules.Storage", "Server\Modules\Aesir.Modules.Storage\Aesir.Modules.Storage.csproj", "{10AFA2B9-FEE0-4453-A398-8731FADE29C2}"
EndProject
Project("{FAE04EC0-301F-11D3-BF4B-00C04F79EFBC}") = "Aesir.Modules.Chat", "Server\Modules\Aesir.Modules.Chat\Aesir.Modules.Chat.csproj", "{4E1DEEFD-E883-4320-B3DE-F216A8965AC9}"
EndProject
Project("{FAE04EC0-301F-11D3-BF4B-00C04F79EFBC}") = "Aesir.Modules.Inference.Ollama", "Server\Modules\Aesir.Modules.Inference.Ollama\Aesir.Modules.Inference.Ollama.csproj", "{32ED9A7A-B605-45F0-8A7C-D066C8122B84}"
EndProject
Project("{FAE04EC0-301F-11D3-BF4B-00C04F79EFBC}") = "Aesir.Modules.Inference.OpenAI", "Server\Modules\Aesir.Modules.Inference.OpenAI\Aesir.Modules.Inference.OpenAI.csproj", "{05FAC89F-3D5C-4340-8279-AF65A4B5726D}"
EndProject
Project("{FAE04EC0-301F-11D3-BF4B-00C04F79EFBC}") = "Aesir.Modules.Configuration", "Server\Modules\Aesir.Modules.Configuration\Aesir.Modules.Configuration.csproj", "{D4903680-F2D9-45A7-B873-847AFAB6E006}"
EndProject
Project("{FAE04EC0-301F-11D3-BF4B-00C04F79EFBC}") = "Aesir.Modules.Logging", "Server\Modules\Aesir.Modules.Logging\Aesir.Modules.Logging.csproj", "{A15BA310-38CF-4B4C-B48E-F89F9E4DAF67}"
EndProject
Project("{FAE04EC0-301F-11D3-BF4B-00C04F79EFBC}") = "Aesir.Modules.Mcp", "Server\Modules\Aesir.Modules.Mcp\Aesir.Modules.Mcp.csproj", "{B59AB814-EF51-48BB-9594-AE670B715C34}"
EndProject
Project("{2150E333-8FDC-42A3-9474-1A3956D46DE8}") = "Common", "Common", "{DF762352-A6A2-4347-BECA-82108E554D43}"
EndProject
Project("{FAE04EC0-301F-11D3-BF4B-00C04F79EFBC}") = "Aesir.Common", "Common\Aesir.Common\Aesir.Common.csproj", "{03CC199D-C594-4EE9-A752-D6083ED5F8BD}"
EndProject
Project("{2150E333-8FDC-42A3-9474-1A3956D46DE8}") = "Client", "Client", "{33132C1B-639D-4160-9208-56DC3AF880AF}"
EndProject
Project("{FAE04EC0-301F-11D3-BF4B-00C04F79EFBC}") = "Aesir.Modules.Inference", "Server\Modules\Aesir.Modules.Inference\Aesir.Modules.Inference.csproj", "{869F5ABA-70FA-4451-ACDC-74A87C1B9609}"
EndProject
Project("{2150E333-8FDC-42A3-9474-1A3956D46DE8}") = "Aesir.Client.Web", "Aesir.Client.Web", "{F0E11866-5CBB-70D7-B828-0C853EED6857}"
EndProject
Project("{2150E333-8FDC-42A3-9474-1A3956D46DE8}") = "src-tauri", "src-tauri", "{A1B2C3D4-E5F6-7890-ABCD-EF1234567890}"
	ProjectSection(SolutionItems) = preProject
		Client\Aesir.Client.Web\src-tauri\Cargo.toml = Client\Aesir.Client.Web\src-tauri\Cargo.toml
		Client\Aesir.Client.Web\src-tauri\build.rs = Client\Aesir.Client.Web\src-tauri\build.rs
		Client\Aesir.Client.Web\src-tauri\tauri.conf.json = Client\Aesir.Client.Web\src-tauri\tauri.conf.json
		Client\Aesir.Client.Web\src-tauri\.gitignore = Client\Aesir.Client.Web\src-tauri\.gitignore
		Client\Aesir.Client.Web\src-tauri\src\lib.rs = Client\Aesir.Client.Web\src-tauri\src\lib.rs
		Client\Aesir.Client.Web\src-tauri\src\main.rs = Client\Aesir.Client.Web\src-tauri\src\main.rs
		Client\Aesir.Client.Web\src-tauri\capabilities\default.json = Client\Aesir.Client.Web\src-tauri\capabilities\default.json
		Client\Aesir.Client.Web\src-tauri\README.md = Client\Aesir.Client.Web\src-tauri\README.md
	EndProjectSection
EndProject
Project("{FAE04EC0-301F-11D3-BF4B-00C04F79EFBC}") = "Aesir.Client.Web.Infrastructure", "Client\Aesir.Client.Web\Aesir.Client.Web.Infrastructure\Aesir.Client.Web.Infrastructure.csproj", "{D3CE5296-2A47-4B75-AF74-87B0D8948323}"
EndProject
Project("{2150E333-8FDC-42A3-9474-1A3956D46DE8}") = "Modules", "Modules", "{8EB20F60-ACA4-A2FA-1B47-1AFCC4CAD3B4}"
EndProject
Project("{FAE04EC0-301F-11D3-BF4B-00C04F79EFBC}") = "Aesir.Client.Web.Modules.Chat", "Client\Aesir.Client.Web\Modules\Aesir.Client.Web.Modules.Chat\Aesir.Client.Web.Modules.Chat.csproj", "{26B7117B-F631-4275-8453-83A6CC0C8B76}"
EndProject
Project("{FAE04EC0-301F-11D3-BF4B-00C04F79EFBC}") = "Aesir.Client.Web.App", "Client\Aesir.Client.Web\Aesir.Client.Web.App\Aesir.Client.Web.App.csproj", "{21EEB585-F979-4F13-84CC-7C77D8D699E9}"
EndProject
Project("{FAE04EC0-301F-11D3-BF4B-00C04F79EFBC}") = "Aesir.Client.Web.Tests", "Client\Aesir.Client.Web\Aesir.Client.Web.Tests\Aesir.Client.Web.Tests.csproj", "{0359F731-8BA0-42F6-82FF-E2499BD63C37}"
EndProject
Project("{FAE04EC0-301F-11D3-BF4B-00C04F79EFBC}") = "Aesir.Client.Web.Modules.Settings", "Client\Aesir.Client.Web\Modules\Aesir.Client.Web.Modules.Settings\Aesir.Client.Web.Modules.Settings.csproj", "{F41D0BE4-D70F-42B4-994E-65B0E82F312E}"
EndProject
Project("{FAE04EC0-301F-11D3-BF4B-00C04F79EFBC}") = "Aesir.Client.Web.Modules.Wizard", "Client\Aesir.Client.Web\Modules\Aesir.Client.Web.Modules.Wizard\Aesir.Client.Web.Modules.Wizard.csproj", "{4A32106B-AA39-430E-B987-834CC1BDD103}"
EndProject
Project("{FAE04EC0-301F-11D3-BF4B-00C04F79EFBC}") = "Aesir.Modules.Inference.Tests", "Server\Modules\Aesir.Modules.Inference.Tests\Aesir.Modules.Inference.Tests.csproj", "{0D4ABC67-3B4C-4C71-B6FE-AEE028DCA940}"
EndProject
Project("{FAE04EC0-301F-11D3-BF4B-00C04F79EFBC}") = "Aesir.Modules.Chat.Tests", "Server\Modules\Aesir.Modules.Chat.Tests\Aesir.Modules.Chat.Tests.csproj", "{F5F1114B-BB2F-4C08-9B11-E7DCADF23BAF}"
EndProject
Project("{FAE04EC0-301F-11D3-BF4B-00C04F79EFBC}") = "Aesir.Modules.Configuration.Tests", "Server\Modules\Aesir.Modules.Configuration.Tests\Aesir.Modules.Configuration.Tests.csproj", "{FBD23504-827E-4D6F-B995-52DBC1783507}"
EndProject
Project("{FAE04EC0-301F-11D3-BF4B-00C04F79EFBC}") = "Aesir.Modules.Storage.Tests", "Server\Modules\Aesir.Modules.Storage.Tests\Aesir.Modules.Storage.Tests.csproj", "{EEFF5B15-3DEF-4756-A721-EF48F2B9DB92}"
EndProject
Project("{FAE04EC0-301F-11D3-BF4B-00C04F79EFBC}") = "Aesir.Modules.Logging.Tests", "Server\Modules\Aesir.Modules.Logging.Tests\Aesir.Modules.Logging.Tests.csproj", "{32BB14F1-5311-45B2-A41F-68B6ABA6F3B9}"
EndProject
Project("{FAE04EC0-301F-11D3-BF4B-00C04F79EFBC}") = "Aesir.Client.Web.Modules.Observability", "Client\Aesir.Client.Web\Modules\Aesir.Client.Web.Modules.Observability\Aesir.Client.Web.Modules.Observability.csproj", "{935E5EB1-45D4-4A88-8604-70B0FEFF0CAD}"
EndProject
Project("{FAE04EC0-301F-11D3-BF4B-00C04F79EFBC}") = "Aesir.Client.Web.Modules.HandsFree", "Client\Aesir.Client.Web\Modules\Aesir.Client.Web.Modules.HandsFree\Aesir.Client.Web.Modules.HandsFree.csproj", "{CC9E7CBA-A7EE-4413-8CCF-498A4ADD10EF}"
EndProject
Project("{FAE04EC0-301F-11D3-BF4B-00C04F79EFBC}") = "Aesir.Modules.Speech.Tests", "Server\Modules\Aesir.Modules.Speech.Tests\Aesir.Modules.Speech.Tests.csproj", "{445EB6BA-5F1A-4A91-89CE-EE5A6DDF56A1}"
EndProject
Project("{FAE04EC0-301F-11D3-BF4B-00C04F79EFBC}") = "Aesir.Modules.Research", "Server\Modules\Aesir.Modules.Research\Aesir.Modules.Research.csproj", "{3ECC58E6-E6CB-40FC-951B-690E6E98550E}"
EndProject
Project("{FAE04EC0-301F-11D3-BF4B-00C04F79EFBC}") = "Aesir.Modules.Research.Tests", "Server\Modules\Aesir.Modules.Research.Tests\Aesir.Modules.Research.Tests.csproj", "{57DE07AE-BA9F-492A-96E0-C13229468DDF}"
EndProject
Global
	GlobalSection(SolutionConfigurationPlatforms) = preSolution
		Debug|Any CPU = Debug|Any CPU
		Debug|x64 = Debug|x64
		Debug|x86 = Debug|x86
		Release|Any CPU = Release|Any CPU
		Release|x64 = Release|x64
		Release|x86 = Release|x86
	EndGlobalSection
	GlobalSection(ProjectConfigurationPlatforms) = postSolution
		{D9894D26-EDEA-4C84-8F93-79484B0C6E6E}.Debug|Any CPU.ActiveCfg = Debug|Any CPU
		{D9894D26-EDEA-4C84-8F93-79484B0C6E6E}.Debug|Any CPU.Build.0 = Debug|Any CPU
		{D9894D26-EDEA-4C84-8F93-79484B0C6E6E}.Debug|x64.ActiveCfg = Debug|Any CPU
		{D9894D26-EDEA-4C84-8F93-79484B0C6E6E}.Debug|x64.Build.0 = Debug|Any CPU
		{D9894D26-EDEA-4C84-8F93-79484B0C6E6E}.Debug|x86.ActiveCfg = Debug|Any CPU
		{D9894D26-EDEA-4C84-8F93-79484B0C6E6E}.Debug|x86.Build.0 = Debug|Any CPU
		{D9894D26-EDEA-4C84-8F93-79484B0C6E6E}.Release|Any CPU.ActiveCfg = Release|Any CPU
		{D9894D26-EDEA-4C84-8F93-79484B0C6E6E}.Release|Any CPU.Build.0 = Release|Any CPU
		{D9894D26-EDEA-4C84-8F93-79484B0C6E6E}.Release|x64.ActiveCfg = Release|Any CPU
		{D9894D26-EDEA-4C84-8F93-79484B0C6E6E}.Release|x64.Build.0 = Release|Any CPU
		{D9894D26-EDEA-4C84-8F93-79484B0C6E6E}.Release|x86.ActiveCfg = Release|Any CPU
		{D9894D26-EDEA-4C84-8F93-79484B0C6E6E}.Release|x86.Build.0 = Release|Any CPU
		{997B5FF7-4D5D-4884-92BD-EB5510F9FFA6}.Debug|Any CPU.ActiveCfg = Debug|Any CPU
		{997B5FF7-4D5D-4884-92BD-EB5510F9FFA6}.Debug|Any CPU.Build.0 = Debug|Any CPU
		{997B5FF7-4D5D-4884-92BD-EB5510F9FFA6}.Debug|x64.ActiveCfg = Debug|Any CPU
		{997B5FF7-4D5D-4884-92BD-EB5510F9FFA6}.Debug|x64.Build.0 = Debug|Any CPU
		{997B5FF7-4D5D-4884-92BD-EB5510F9FFA6}.Debug|x86.ActiveCfg = Debug|Any CPU
		{997B5FF7-4D5D-4884-92BD-EB5510F9FFA6}.Debug|x86.Build.0 = Debug|Any CPU
		{997B5FF7-4D5D-4884-92BD-EB5510F9FFA6}.Release|Any CPU.ActiveCfg = Release|Any CPU
		{997B5FF7-4D5D-4884-92BD-EB5510F9FFA6}.Release|Any CPU.Build.0 = Release|Any CPU
		{997B5FF7-4D5D-4884-92BD-EB5510F9FFA6}.Release|x64.ActiveCfg = Release|Any CPU
		{997B5FF7-4D5D-4884-92BD-EB5510F9FFA6}.Release|x64.Build.0 = Release|Any CPU
		{997B5FF7-4D5D-4884-92BD-EB5510F9FFA6}.Release|x86.ActiveCfg = Release|Any CPU
		{997B5FF7-4D5D-4884-92BD-EB5510F9FFA6}.Release|x86.Build.0 = Release|Any CPU
		{0ACD9334-1F63-4114-8CAF-42FDD6A6B917}.Debug|Any CPU.ActiveCfg = Debug|Any CPU
		{0ACD9334-1F63-4114-8CAF-42FDD6A6B917}.Debug|Any CPU.Build.0 = Debug|Any CPU
		{0ACD9334-1F63-4114-8CAF-42FDD6A6B917}.Debug|x64.ActiveCfg = Debug|Any CPU
		{0ACD9334-1F63-4114-8CAF-42FDD6A6B917}.Debug|x64.Build.0 = Debug|Any CPU
		{0ACD9334-1F63-4114-8CAF-42FDD6A6B917}.Debug|x86.ActiveCfg = Debug|Any CPU
		{0ACD9334-1F63-4114-8CAF-42FDD6A6B917}.Debug|x86.Build.0 = Debug|Any CPU
		{0ACD9334-1F63-4114-8CAF-42FDD6A6B917}.Release|Any CPU.ActiveCfg = Release|Any CPU
		{0ACD9334-1F63-4114-8CAF-42FDD6A6B917}.Release|Any CPU.Build.0 = Release|Any CPU
		{0ACD9334-1F63-4114-8CAF-42FDD6A6B917}.Release|x64.ActiveCfg = Release|Any CPU
		{0ACD9334-1F63-4114-8CAF-42FDD6A6B917}.Release|x64.Build.0 = Release|Any CPU
		{0ACD9334-1F63-4114-8CAF-42FDD6A6B917}.Release|x86.ActiveCfg = Release|Any CPU
		{0ACD9334-1F63-4114-8CAF-42FDD6A6B917}.Release|x86.Build.0 = Release|Any CPU
		{E2F02174-B742-475B-861E-C650C4938F51}.Debug|Any CPU.ActiveCfg = Debug|Any CPU
		{E2F02174-B742-475B-861E-C650C4938F51}.Debug|Any CPU.Build.0 = Debug|Any CPU
		{E2F02174-B742-475B-861E-C650C4938F51}.Debug|x64.ActiveCfg = Debug|Any CPU
		{E2F02174-B742-475B-861E-C650C4938F51}.Debug|x64.Build.0 = Debug|Any CPU
		{E2F02174-B742-475B-861E-C650C4938F51}.Debug|x86.ActiveCfg = Debug|Any CPU
		{E2F02174-B742-475B-861E-C650C4938F51}.Debug|x86.Build.0 = Debug|Any CPU
		{E2F02174-B742-475B-861E-C650C4938F51}.Release|Any CPU.ActiveCfg = Release|Any CPU
		{E2F02174-B742-475B-861E-C650C4938F51}.Release|Any CPU.Build.0 = Release|Any CPU
		{E2F02174-B742-475B-861E-C650C4938F51}.Release|x64.ActiveCfg = Release|Any CPU
		{E2F02174-B742-475B-861E-C650C4938F51}.Release|x64.Build.0 = Release|Any CPU
		{E2F02174-B742-475B-861E-C650C4938F51}.Release|x86.ActiveCfg = Release|Any CPU
		{E2F02174-B742-475B-861E-C650C4938F51}.Release|x86.Build.0 = Release|Any CPU
		{B145CB67-E320-4EC7-AAD3-A8A4D69B0628}.Debug|Any CPU.ActiveCfg = Debug|Any CPU
		{B145CB67-E320-4EC7-AAD3-A8A4D69B0628}.Debug|Any CPU.Build.0 = Debug|Any CPU
		{B145CB67-E320-4EC7-AAD3-A8A4D69B0628}.Debug|x64.ActiveCfg = Debug|Any CPU
		{B145CB67-E320-4EC7-AAD3-A8A4D69B0628}.Debug|x64.Build.0 = Debug|Any CPU
		{B145CB67-E320-4EC7-AAD3-A8A4D69B0628}.Debug|x86.ActiveCfg = Debug|Any CPU
		{B145CB67-E320-4EC7-AAD3-A8A4D69B0628}.Debug|x86.Build.0 = Debug|Any CPU
		{B145CB67-E320-4EC7-AAD3-A8A4D69B0628}.Release|Any CPU.ActiveCfg = Release|Any CPU
		{B145CB67-E320-4EC7-AAD3-A8A4D69B0628}.Release|Any CPU.Build.0 = Release|Any CPU
		{B145CB67-E320-4EC7-AAD3-A8A4D69B0628}.Release|x64.ActiveCfg = Release|Any CPU
		{B145CB67-E320-4EC7-AAD3-A8A4D69B0628}.Release|x64.Build.0 = Release|Any CPU
		{B145CB67-E320-4EC7-AAD3-A8A4D69B0628}.Release|x86.ActiveCfg = Release|Any CPU
		{B145CB67-E320-4EC7-AAD3-A8A4D69B0628}.Release|x86.Build.0 = Release|Any CPU
		{10AFA2B9-FEE0-4453-A398-8731FADE29C2}.Debug|Any CPU.ActiveCfg = Debug|Any CPU
		{10AFA2B9-FEE0-4453-A398-8731FADE29C2}.Debug|Any CPU.Build.0 = Debug|Any CPU
		{10AFA2B9-FEE0-4453-A398-8731FADE29C2}.Debug|x64.ActiveCfg = Debug|Any CPU
		{10AFA2B9-FEE0-4453-A398-8731FADE29C2}.Debug|x64.Build.0 = Debug|Any CPU
		{10AFA2B9-FEE0-4453-A398-8731FADE29C2}.Debug|x86.ActiveCfg = Debug|Any CPU
		{10AFA2B9-FEE0-4453-A398-8731FADE29C2}.Debug|x86.Build.0 = Debug|Any CPU
		{10AFA2B9-FEE0-4453-A398-8731FADE29C2}.Release|Any CPU.ActiveCfg = Release|Any CPU
		{10AFA2B9-FEE0-4453-A398-8731FADE29C2}.Release|Any CPU.Build.0 = Release|Any CPU
		{10AFA2B9-FEE0-4453-A398-8731FADE29C2}.Release|x64.ActiveCfg = Release|Any CPU
		{10AFA2B9-FEE0-4453-A398-8731FADE29C2}.Release|x64.Build.0 = Release|Any CPU
		{10AFA2B9-FEE0-4453-A398-8731FADE29C2}.Release|x86.ActiveCfg = Release|Any CPU
		{10AFA2B9-FEE0-4453-A398-8731FADE29C2}.Release|x86.Build.0 = Release|Any CPU
		{4E1DEEFD-E883-4320-B3DE-F216A8965AC9}.Debug|Any CPU.ActiveCfg = Debug|Any CPU
		{4E1DEEFD-E883-4320-B3DE-F216A8965AC9}.Debug|Any CPU.Build.0 = Debug|Any CPU
		{4E1DEEFD-E883-4320-B3DE-F216A8965AC9}.Debug|x64.ActiveCfg = Debug|Any CPU
		{4E1DEEFD-E883-4320-B3DE-F216A8965AC9}.Debug|x64.Build.0 = Debug|Any CPU
		{4E1DEEFD-E883-4320-B3DE-F216A8965AC9}.Debug|x86.ActiveCfg = Debug|Any CPU
		{4E1DEEFD-E883-4320-B3DE-F216A8965AC9}.Debug|x86.Build.0 = Debug|Any CPU
		{4E1DEEFD-E883-4320-B3DE-F216A8965AC9}.Release|Any CPU.ActiveCfg = Release|Any CPU
		{4E1DEEFD-E883-4320-B3DE-F216A8965AC9}.Release|Any CPU.Build.0 = Release|Any CPU
		{4E1DEEFD-E883-4320-B3DE-F216A8965AC9}.Release|x64.ActiveCfg = Release|Any CPU
		{4E1DEEFD-E883-4320-B3DE-F216A8965AC9}.Release|x64.Build.0 = Release|Any CPU
		{4E1DEEFD-E883-4320-B3DE-F216A8965AC9}.Release|x86.ActiveCfg = Release|Any CPU
		{4E1DEEFD-E883-4320-B3DE-F216A8965AC9}.Release|x86.Build.0 = Release|Any CPU
		{32ED9A7A-B605-45F0-8A7C-D066C8122B84}.Debug|Any CPU.ActiveCfg = Debug|Any CPU
		{32ED9A7A-B605-45F0-8A7C-D066C8122B84}.Debug|Any CPU.Build.0 = Debug|Any CPU
		{32ED9A7A-B605-45F0-8A7C-D066C8122B84}.Debug|x64.ActiveCfg = Debug|Any CPU
		{32ED9A7A-B605-45F0-8A7C-D066C8122B84}.Debug|x64.Build.0 = Debug|Any CPU
		{32ED9A7A-B605-45F0-8A7C-D066C8122B84}.Debug|x86.ActiveCfg = Debug|Any CPU
		{32ED9A7A-B605-45F0-8A7C-D066C8122B84}.Debug|x86.Build.0 = Debug|Any CPU
		{32ED9A7A-B605-45F0-8A7C-D066C8122B84}.Release|Any CPU.ActiveCfg = Release|Any CPU
		{32ED9A7A-B605-45F0-8A7C-D066C8122B84}.Release|Any CPU.Build.0 = Release|Any CPU
		{32ED9A7A-B605-45F0-8A7C-D066C8122B84}.Release|x64.ActiveCfg = Release|Any CPU
		{32ED9A7A-B605-45F0-8A7C-D066C8122B84}.Release|x64.Build.0 = Release|Any CPU
		{32ED9A7A-B605-45F0-8A7C-D066C8122B84}.Release|x86.ActiveCfg = Release|Any CPU
		{32ED9A7A-B605-45F0-8A7C-D066C8122B84}.Release|x86.Build.0 = Release|Any CPU
		{05FAC89F-3D5C-4340-8279-AF65A4B5726D}.Debug|Any CPU.ActiveCfg = Debug|Any CPU
		{05FAC89F-3D5C-4340-8279-AF65A4B5726D}.Debug|Any CPU.Build.0 = Debug|Any CPU
		{05FAC89F-3D5C-4340-8279-AF65A4B5726D}.Debug|x64.ActiveCfg = Debug|Any CPU
		{05FAC89F-3D5C-4340-8279-AF65A4B5726D}.Debug|x64.Build.0 = Debug|Any CPU
		{05FAC89F-3D5C-4340-8279-AF65A4B5726D}.Debug|x86.ActiveCfg = Debug|Any CPU
		{05FAC89F-3D5C-4340-8279-AF65A4B5726D}.Debug|x86.Build.0 = Debug|Any CPU
		{05FAC89F-3D5C-4340-8279-AF65A4B5726D}.Release|Any CPU.ActiveCfg = Release|Any CPU
		{05FAC89F-3D5C-4340-8279-AF65A4B5726D}.Release|Any CPU.Build.0 = Release|Any CPU
		{05FAC89F-3D5C-4340-8279-AF65A4B5726D}.Release|x64.ActiveCfg = Release|Any CPU
		{05FAC89F-3D5C-4340-8279-AF65A4B5726D}.Release|x64.Build.0 = Release|Any CPU
		{05FAC89F-3D5C-4340-8279-AF65A4B5726D}.Release|x86.ActiveCfg = Release|Any CPU
		{05FAC89F-3D5C-4340-8279-AF65A4B5726D}.Release|x86.Build.0 = Release|Any CPU
		{D4903680-F2D9-45A7-B873-847AFAB6E006}.Debug|Any CPU.ActiveCfg = Debug|Any CPU
		{D4903680-F2D9-45A7-B873-847AFAB6E006}.Debug|Any CPU.Build.0 = Debug|Any CPU
		{D4903680-F2D9-45A7-B873-847AFAB6E006}.Debug|x64.ActiveCfg = Debug|Any CPU
		{D4903680-F2D9-45A7-B873-847AFAB6E006}.Debug|x64.Build.0 = Debug|Any CPU
		{D4903680-F2D9-45A7-B873-847AFAB6E006}.Debug|x86.ActiveCfg = Debug|Any CPU
		{D4903680-F2D9-45A7-B873-847AFAB6E006}.Debug|x86.Build.0 = Debug|Any CPU
		{D4903680-F2D9-45A7-B873-847AFAB6E006}.Release|Any CPU.ActiveCfg = Release|Any CPU
		{D4903680-F2D9-45A7-B873-847AFAB6E006}.Release|Any CPU.Build.0 = Release|Any CPU
		{D4903680-F2D9-45A7-B873-847AFAB6E006}.Release|x64.ActiveCfg = Release|Any CPU
		{D4903680-F2D9-45A7-B873-847AFAB6E006}.Release|x64.Build.0 = Release|Any CPU
		{D4903680-F2D9-45A7-B873-847AFAB6E006}.Release|x86.ActiveCfg = Release|Any CPU
		{D4903680-F2D9-45A7-B873-847AFAB6E006}.Release|x86.Build.0 = Release|Any CPU
		{A15BA310-38CF-4B4C-B48E-F89F9E4DAF67}.Debug|Any CPU.ActiveCfg = Debug|Any CPU
		{A15BA310-38CF-4B4C-B48E-F89F9E4DAF67}.Debug|Any CPU.Build.0 = Debug|Any CPU
		{A15BA310-38CF-4B4C-B48E-F89F9E4DAF67}.Debug|x64.ActiveCfg = Debug|Any CPU
		{A15BA310-38CF-4B4C-B48E-F89F9E4DAF67}.Debug|x64.Build.0 = Debug|Any CPU
		{A15BA310-38CF-4B4C-B48E-F89F9E4DAF67}.Debug|x86.ActiveCfg = Debug|Any CPU
		{A15BA310-38CF-4B4C-B48E-F89F9E4DAF67}.Debug|x86.Build.0 = Debug|Any CPU
		{A15BA310-38CF-4B4C-B48E-F89F9E4DAF67}.Release|Any CPU.ActiveCfg = Release|Any CPU
		{A15BA310-38CF-4B4C-B48E-F89F9E4DAF67}.Release|Any CPU.Build.0 = Release|Any CPU
		{A15BA310-38CF-4B4C-B48E-F89F9E4DAF67}.Release|x64.ActiveCfg = Release|Any CPU
		{A15BA310-38CF-4B4C-B48E-F89F9E4DAF67}.Release|x64.Build.0 = Release|Any CPU
		{A15BA310-38CF-4B4C-B48E-F89F9E4DAF67}.Release|x86.ActiveCfg = Release|Any CPU
		{A15BA310-38CF-4B4C-B48E-F89F9E4DAF67}.Release|x86.Build.0 = Release|Any CPU
		{B59AB814-EF51-48BB-9594-AE670B715C34}.Debug|Any CPU.ActiveCfg = Debug|Any CPU
		{B59AB814-EF51-48BB-9594-AE670B715C34}.Debug|Any CPU.Build.0 = Debug|Any CPU
		{B59AB814-EF51-48BB-9594-AE670B715C34}.Debug|x64.ActiveCfg = Debug|Any CPU
		{B59AB814-EF51-48BB-9594-AE670B715C34}.Debug|x64.Build.0 = Debug|Any CPU
		{B59AB814-EF51-48BB-9594-AE670B715C34}.Debug|x86.ActiveCfg = Debug|Any CPU
		{B59AB814-EF51-48BB-9594-AE670B715C34}.Debug|x86.Build.0 = Debug|Any CPU
		{B59AB814-EF51-48BB-9594-AE670B715C34}.Release|Any CPU.ActiveCfg = Release|Any CPU
		{B59AB814-EF51-48BB-9594-AE670B715C34}.Release|Any CPU.Build.0 = Release|Any CPU
		{B59AB814-EF51-48BB-9594-AE670B715C34}.Release|x64.ActiveCfg = Release|Any CPU
		{B59AB814-EF51-48BB-9594-AE670B715C34}.Release|x64.Build.0 = Release|Any CPU
		{B59AB814-EF51-48BB-9594-AE670B715C34}.Release|x86.ActiveCfg = Release|Any CPU
		{B59AB814-EF51-48BB-9594-AE670B715C34}.Release|x86.Build.0 = Release|Any CPU
		{03CC199D-C594-4EE9-A752-D6083ED5F8BD}.Debug|Any CPU.ActiveCfg = Debug|Any CPU
		{03CC199D-C594-4EE9-A752-D6083ED5F8BD}.Debug|Any CPU.Build.0 = Debug|Any CPU
		{03CC199D-C594-4EE9-A752-D6083ED5F8BD}.Debug|x64.ActiveCfg = Debug|Any CPU
		{03CC199D-C594-4EE9-A752-D6083ED5F8BD}.Debug|x64.Build.0 = Debug|Any CPU
		{03CC199D-C594-4EE9-A752-D6083ED5F8BD}.Debug|x86.ActiveCfg = Debug|Any CPU
		{03CC199D-C594-4EE9-A752-D6083ED5F8BD}.Debug|x86.Build.0 = Debug|Any CPU
		{03CC199D-C594-4EE9-A752-D6083ED5F8BD}.Release|Any CPU.ActiveCfg = Release|Any CPU
		{03CC199D-C594-4EE9-A752-D6083ED5F8BD}.Release|Any CPU.Build.0 = Release|Any CPU
		{03CC199D-C594-4EE9-A752-D6083ED5F8BD}.Release|x64.ActiveCfg = Release|Any CPU
		{03CC199D-C594-4EE9-A752-D6083ED5F8BD}.Release|x64.Build.0 = Release|Any CPU
		{03CC199D-C594-4EE9-A752-D6083ED5F8BD}.Release|x86.ActiveCfg = Release|Any CPU
		{03CC199D-C594-4EE9-A752-D6083ED5F8BD}.Release|x86.Build.0 = Release|Any CPU
		{869F5ABA-70FA-4451-ACDC-74A87C1B9609}.Debug|Any CPU.ActiveCfg = Debug|Any CPU
		{869F5ABA-70FA-4451-ACDC-74A87C1B9609}.Debug|Any CPU.Build.0 = Debug|Any CPU
		{869F5ABA-70FA-4451-ACDC-74A87C1B9609}.Debug|x64.ActiveCfg = Debug|Any CPU
		{869F5ABA-70FA-4451-ACDC-74A87C1B9609}.Debug|x64.Build.0 = Debug|Any CPU
		{869F5ABA-70FA-4451-ACDC-74A87C1B9609}.Debug|x86.ActiveCfg = Debug|Any CPU
		{869F5ABA-70FA-4451-ACDC-74A87C1B9609}.Debug|x86.Build.0 = Debug|Any CPU
		{869F5ABA-70FA-4451-ACDC-74A87C1B9609}.Release|Any CPU.ActiveCfg = Release|Any CPU
		{869F5ABA-70FA-4451-ACDC-74A87C1B9609}.Release|Any CPU.Build.0 = Release|Any CPU
		{869F5ABA-70FA-4451-ACDC-74A87C1B9609}.Release|x64.ActiveCfg = Release|Any CPU
		{869F5ABA-70FA-4451-ACDC-74A87C1B9609}.Release|x64.Build.0 = Release|Any CPU
		{869F5ABA-70FA-4451-ACDC-74A87C1B9609}.Release|x86.ActiveCfg = Release|Any CPU
		{869F5ABA-70FA-4451-ACDC-74A87C1B9609}.Release|x86.Build.0 = Release|Any CPU
		{D3CE5296-2A47-4B75-AF74-87B0D8948323}.Debug|Any CPU.ActiveCfg = Debug|Any CPU
		{D3CE5296-2A47-4B75-AF74-87B0D8948323}.Debug|Any CPU.Build.0 = Debug|Any CPU
		{D3CE5296-2A47-4B75-AF74-87B0D8948323}.Debug|x64.ActiveCfg = Debug|Any CPU
		{D3CE5296-2A47-4B75-AF74-87B0D8948323}.Debug|x64.Build.0 = Debug|Any CPU
		{D3CE5296-2A47-4B75-AF74-87B0D8948323}.Debug|x86.ActiveCfg = Debug|Any CPU
		{D3CE5296-2A47-4B75-AF74-87B0D8948323}.Debug|x86.Build.0 = Debug|Any CPU
		{D3CE5296-2A47-4B75-AF74-87B0D8948323}.Release|Any CPU.ActiveCfg = Release|Any CPU
		{D3CE5296-2A47-4B75-AF74-87B0D8948323}.Release|Any CPU.Build.0 = Release|Any CPU
		{D3CE5296-2A47-4B75-AF74-87B0D8948323}.Release|x64.ActiveCfg = Release|Any CPU
		{D3CE5296-2A47-4B75-AF74-87B0D8948323}.Release|x64.Build.0 = Release|Any CPU
		{D3CE5296-2A47-4B75-AF74-87B0D8948323}.Release|x86.ActiveCfg = Release|Any CPU
		{D3CE5296-2A47-4B75-AF74-87B0D8948323}.Release|x86.Build.0 = Release|Any CPU
		{26B7117B-F631-4275-8453-83A6CC0C8B76}.Debug|Any CPU.ActiveCfg = Debug|Any CPU
		{26B7117B-F631-4275-8453-83A6CC0C8B76}.Debug|Any CPU.Build.0 = Debug|Any CPU
		{26B7117B-F631-4275-8453-83A6CC0C8B76}.Debug|x64.ActiveCfg = Debug|Any CPU
		{26B7117B-F631-4275-8453-83A6CC0C8B76}.Debug|x64.Build.0 = Debug|Any CPU
		{26B7117B-F631-4275-8453-83A6CC0C8B76}.Debug|x86.ActiveCfg = Debug|Any CPU
		{26B7117B-F631-4275-8453-83A6CC0C8B76}.Debug|x86.Build.0 = Debug|Any CPU
		{26B7117B-F631-4275-8453-83A6CC0C8B76}.Release|Any CPU.ActiveCfg = Release|Any CPU
		{26B7117B-F631-4275-8453-83A6CC0C8B76}.Release|Any CPU.Build.0 = Release|Any CPU
		{26B7117B-F631-4275-8453-83A6CC0C8B76}.Release|x64.ActiveCfg = Release|Any CPU
		{26B7117B-F631-4275-8453-83A6CC0C8B76}.Release|x64.Build.0 = Release|Any CPU
		{26B7117B-F631-4275-8453-83A6CC0C8B76}.Release|x86.ActiveCfg = Release|Any CPU
		{26B7117B-F631-4275-8453-83A6CC0C8B76}.Release|x86.Build.0 = Release|Any CPU
		{21EEB585-F979-4F13-84CC-7C77D8D699E9}.Debug|Any CPU.ActiveCfg = Debug|Any CPU
		{21EEB585-F979-4F13-84CC-7C77D8D699E9}.Debug|Any CPU.Build.0 = Debug|Any CPU
		{21EEB585-F979-4F13-84CC-7C77D8D699E9}.Debug|x64.ActiveCfg = Debug|Any CPU
		{21EEB585-F979-4F13-84CC-7C77D8D699E9}.Debug|x64.Build.0 = Debug|Any CPU
		{21EEB585-F979-4F13-84CC-7C77D8D699E9}.Debug|x86.ActiveCfg = Debug|Any CPU
		{21EEB585-F979-4F13-84CC-7C77D8D699E9}.Debug|x86.Build.0 = Debug|Any CPU
		{21EEB585-F979-4F13-84CC-7C77D8D699E9}.Release|Any CPU.ActiveCfg = Release|Any CPU
		{21EEB585-F979-4F13-84CC-7C77D8D699E9}.Release|Any CPU.Build.0 = Release|Any CPU
		{21EEB585-F979-4F13-84CC-7C77D8D699E9}.Release|x64.ActiveCfg = Release|Any CPU
		{21EEB585-F979-4F13-84CC-7C77D8D699E9}.Release|x64.Build.0 = Release|Any CPU
		{21EEB585-F979-4F13-84CC-7C77D8D699E9}.Release|x86.ActiveCfg = Release|Any CPU
		{21EEB585-F979-4F13-84CC-7C77D8D699E9}.Release|x86.Build.0 = Release|Any CPU
		{0359F731-8BA0-42F6-82FF-E2499BD63C37}.Debug|Any CPU.ActiveCfg = Debug|Any CPU
		{0359F731-8BA0-42F6-82FF-E2499BD63C37}.Debug|Any CPU.Build.0 = Debug|Any CPU
		{0359F731-8BA0-42F6-82FF-E2499BD63C37}.Debug|x64.ActiveCfg = Debug|Any CPU
		{0359F731-8BA0-42F6-82FF-E2499BD63C37}.Debug|x64.Build.0 = Debug|Any CPU
		{0359F731-8BA0-42F6-82FF-E2499BD63C37}.Debug|x86.ActiveCfg = Debug|Any CPU
		{0359F731-8BA0-42F6-82FF-E2499BD63C37}.Debug|x86.Build.0 = Debug|Any CPU
		{0359F731-8BA0-42F6-82FF-E2499BD63C37}.Release|Any CPU.ActiveCfg = Release|Any CPU
		{0359F731-8BA0-42F6-82FF-E2499BD63C37}.Release|Any CPU.Build.0 = Release|Any CPU
		{0359F731-8BA0-42F6-82FF-E2499BD63C37}.Release|x64.ActiveCfg = Release|Any CPU
		{0359F731-8BA0-42F6-82FF-E2499BD63C37}.Release|x64.Build.0 = Release|Any CPU
		{0359F731-8BA0-42F6-82FF-E2499BD63C37}.Release|x86.ActiveCfg = Release|Any CPU
		{0359F731-8BA0-42F6-82FF-E2499BD63C37}.Release|x86.Build.0 = Release|Any CPU
		{F41D0BE4-D70F-42B4-994E-65B0E82F312E}.Debug|Any CPU.ActiveCfg = Debug|Any CPU
		{F41D0BE4-D70F-42B4-994E-65B0E82F312E}.Debug|Any CPU.Build.0 = Debug|Any CPU
		{F41D0BE4-D70F-42B4-994E-65B0E82F312E}.Debug|x64.ActiveCfg = Debug|Any CPU
		{F41D0BE4-D70F-42B4-994E-65B0E82F312E}.Debug|x64.Build.0 = Debug|Any CPU
		{F41D0BE4-D70F-42B4-994E-65B0E82F312E}.Debug|x86.ActiveCfg = Debug|Any CPU
		{F41D0BE4-D70F-42B4-994E-65B0E82F312E}.Debug|x86.Build.0 = Debug|Any CPU
		{F41D0BE4-D70F-42B4-994E-65B0E82F312E}.Release|Any CPU.ActiveCfg = Release|Any CPU
		{F41D0BE4-D70F-42B4-994E-65B0E82F312E}.Release|Any CPU.Build.0 = Release|Any CPU
		{F41D0BE4-D70F-42B4-994E-65B0E82F312E}.Release|x64.ActiveCfg = Release|Any CPU
		{F41D0BE4-D70F-42B4-994E-65B0E82F312E}.Release|x64.Build.0 = Release|Any CPU
		{F41D0BE4-D70F-42B4-994E-65B0E82F312E}.Release|x86.ActiveCfg = Release|Any CPU
		{F41D0BE4-D70F-42B4-994E-65B0E82F312E}.Release|x86.Build.0 = Release|Any CPU
		{4A32106B-AA39-430E-B987-834CC1BDD103}.Debug|Any CPU.ActiveCfg = Debug|Any CPU
		{4A32106B-AA39-430E-B987-834CC1BDD103}.Debug|Any CPU.Build.0 = Debug|Any CPU
		{4A32106B-AA39-430E-B987-834CC1BDD103}.Debug|x64.ActiveCfg = Debug|Any CPU
		{4A32106B-AA39-430E-B987-834CC1BDD103}.Debug|x64.Build.0 = Debug|Any CPU
		{4A32106B-AA39-430E-B987-834CC1BDD103}.Debug|x86.ActiveCfg = Debug|Any CPU
		{4A32106B-AA39-430E-B987-834CC1BDD103}.Debug|x86.Build.0 = Debug|Any CPU
		{4A32106B-AA39-430E-B987-834CC1BDD103}.Release|Any CPU.ActiveCfg = Release|Any CPU
		{4A32106B-AA39-430E-B987-834CC1BDD103}.Release|Any CPU.Build.0 = Release|Any CPU
		{4A32106B-AA39-430E-B987-834CC1BDD103}.Release|x64.ActiveCfg = Release|Any CPU
		{4A32106B-AA39-430E-B987-834CC1BDD103}.Release|x64.Build.0 = Release|Any CPU
		{4A32106B-AA39-430E-B987-834CC1BDD103}.Release|x86.ActiveCfg = Release|Any CPU
		{4A32106B-AA39-430E-B987-834CC1BDD103}.Release|x86.Build.0 = Release|Any CPU
		{0D4ABC67-3B4C-4C71-B6FE-AEE028DCA940}.Debug|Any CPU.ActiveCfg = Debug|Any CPU
		{0D4ABC67-3B4C-4C71-B6FE-AEE028DCA940}.Debug|Any CPU.Build.0 = Debug|Any CPU
		{0D4ABC67-3B4C-4C71-B6FE-AEE028DCA940}.Debug|x64.ActiveCfg = Debug|Any CPU
		{0D4ABC67-3B4C-4C71-B6FE-AEE028DCA940}.Debug|x64.Build.0 = Debug|Any CPU
		{0D4ABC67-3B4C-4C71-B6FE-AEE028DCA940}.Debug|x86.ActiveCfg = Debug|Any CPU
		{0D4ABC67-3B4C-4C71-B6FE-AEE028DCA940}.Debug|x86.Build.0 = Debug|Any CPU
		{0D4ABC67-3B4C-4C71-B6FE-AEE028DCA940}.Release|Any CPU.ActiveCfg = Release|Any CPU
		{0D4ABC67-3B4C-4C71-B6FE-AEE028DCA940}.Release|Any CPU.Build.0 = Release|Any CPU
		{0D4ABC67-3B4C-4C71-B6FE-AEE028DCA940}.Release|x64.ActiveCfg = Release|Any CPU
		{0D4ABC67-3B4C-4C71-B6FE-AEE028DCA940}.Release|x64.Build.0 = Release|Any CPU
		{0D4ABC67-3B4C-4C71-B6FE-AEE028DCA940}.Release|x86.ActiveCfg = Release|Any CPU
		{0D4ABC67-3B4C-4C71-B6FE-AEE028DCA940}.Release|x86.Build.0 = Release|Any CPU
		{F5F1114B-BB2F-4C08-9B11-E7DCADF23BAF}.Debug|Any CPU.ActiveCfg = Debug|Any CPU
		{F5F1114B-BB2F-4C08-9B11-E7DCADF23BAF}.Debug|Any CPU.Build.0 = Debug|Any CPU
		{F5F1114B-BB2F-4C08-9B11-E7DCADF23BAF}.Debug|x64.ActiveCfg = Debug|Any CPU
		{F5F1114B-BB2F-4C08-9B11-E7DCADF23BAF}.Debug|x64.Build.0 = Debug|Any CPU
		{F5F1114B-BB2F-4C08-9B11-E7DCADF23BAF}.Debug|x86.ActiveCfg = Debug|Any CPU
		{F5F1114B-BB2F-4C08-9B11-E7DCADF23BAF}.Debug|x86.Build.0 = Debug|Any CPU
		{F5F1114B-BB2F-4C08-9B11-E7DCADF23BAF}.Release|Any CPU.ActiveCfg = Release|Any CPU
		{F5F1114B-BB2F-4C08-9B11-E7DCADF23BAF}.Release|Any CPU.Build.0 = Release|Any CPU
		{F5F1114B-BB2F-4C08-9B11-E7DCADF23BAF}.Release|x64.ActiveCfg = Release|Any CPU
		{F5F1114B-BB2F-4C08-9B11-E7DCADF23BAF}.Release|x64.Build.0 = Release|Any CPU
		{F5F1114B-BB2F-4C08-9B11-E7DCADF23BAF}.Release|x86.ActiveCfg = Release|Any CPU
		{F5F1114B-BB2F-4C08-9B11-E7DCADF23BAF}.Release|x86.Build.0 = Release|Any CPU
		{FBD23504-827E-4D6F-B995-52DBC1783507}.Debug|Any CPU.ActiveCfg = Debug|Any CPU
		{FBD23504-827E-4D6F-B995-52DBC1783507}.Debug|Any CPU.Build.0 = Debug|Any CPU
		{FBD23504-827E-4D6F-B995-52DBC1783507}.Debug|x64.ActiveCfg = Debug|Any CPU
		{FBD23504-827E-4D6F-B995-52DBC1783507}.Debug|x64.Build.0 = Debug|Any CPU
		{FBD23504-827E-4D6F-B995-52DBC1783507}.Debug|x86.ActiveCfg = Debug|Any CPU
		{FBD23504-827E-4D6F-B995-52DBC1783507}.Debug|x86.Build.0 = Debug|Any CPU
		{FBD23504-827E-4D6F-B995-52DBC1783507}.Release|Any CPU.ActiveCfg = Release|Any CPU
		{FBD23504-827E-4D6F-B995-52DBC1783507}.Release|Any CPU.Build.0 = Release|Any CPU
		{FBD23504-827E-4D6F-B995-52DBC1783507}.Release|x64.ActiveCfg = Release|Any CPU
		{FBD23504-827E-4D6F-B995-52DBC1783507}.Release|x64.Build.0 = Release|Any CPU
		{FBD23504-827E-4D6F-B995-52DBC1783507}.Release|x86.ActiveCfg = Release|Any CPU
		{FBD23504-827E-4D6F-B995-52DBC1783507}.Release|x86.Build.0 = Release|Any CPU
		{EEFF5B15-3DEF-4756-A721-EF48F2B9DB92}.Debug|Any CPU.ActiveCfg = Debug|Any CPU
		{EEFF5B15-3DEF-4756-A721-EF48F2B9DB92}.Debug|Any CPU.Build.0 = Debug|Any CPU
		{EEFF5B15-3DEF-4756-A721-EF48F2B9DB92}.Debug|x64.ActiveCfg = Debug|Any CPU
		{EEFF5B15-3DEF-4756-A721-EF48F2B9DB92}.Debug|x64.Build.0 = Debug|Any CPU
		{EEFF5B15-3DEF-4756-A721-EF48F2B9DB92}.Debug|x86.ActiveCfg = Debug|Any CPU
		{EEFF5B15-3DEF-4756-A721-EF48F2B9DB92}.Debug|x86.Build.0 = Debug|Any CPU
		{EEFF5B15-3DEF-4756-A721-EF48F2B9DB92}.Release|Any CPU.ActiveCfg = Release|Any CPU
		{EEFF5B15-3DEF-4756-A721-EF48F2B9DB92}.Release|Any CPU.Build.0 = Release|Any CPU
		{EEFF5B15-3DEF-4756-A721-EF48F2B9DB92}.Release|x64.ActiveCfg = Release|Any CPU
		{EEFF5B15-3DEF-4756-A721-EF48F2B9DB92}.Release|x64.Build.0 = Release|Any CPU
		{EEFF5B15-3DEF-4756-A721-EF48F2B9DB92}.Release|x86.ActiveCfg = Release|Any CPU
		{EEFF5B15-3DEF-4756-A721-EF48F2B9DB92}.Release|x86.Build.0 = Release|Any CPU
		{32BB14F1-5311-45B2-A41F-68B6ABA6F3B9}.Debug|Any CPU.ActiveCfg = Debug|Any CPU
		{32BB14F1-5311-45B2-A41F-68B6ABA6F3B9}.Debug|Any CPU.Build.0 = Debug|Any CPU
		{32BB14F1-5311-45B2-A41F-68B6ABA6F3B9}.Debug|x64.ActiveCfg = Debug|Any CPU
		{32BB14F1-5311-45B2-A41F-68B6ABA6F3B9}.Debug|x64.Build.0 = Debug|Any CPU
		{32BB14F1-5311-45B2-A41F-68B6ABA6F3B9}.Debug|x86.ActiveCfg = Debug|Any CPU
		{32BB14F1-5311-45B2-A41F-68B6ABA6F3B9}.Debug|x86.Build.0 = Debug|Any CPU
		{32BB14F1-5311-45B2-A41F-68B6ABA6F3B9}.Release|Any CPU.ActiveCfg = Release|Any CPU
		{32BB14F1-5311-45B2-A41F-68B6ABA6F3B9}.Release|Any CPU.Build.0 = Release|Any CPU
		{32BB14F1-5311-45B2-A41F-68B6ABA6F3B9}.Release|x64.ActiveCfg = Release|Any CPU
		{32BB14F1-5311-45B2-A41F-68B6ABA6F3B9}.Release|x64.Build.0 = Release|Any CPU
		{32BB14F1-5311-45B2-A41F-68B6ABA6F3B9}.Release|x86.ActiveCfg = Release|Any CPU
		{32BB14F1-5311-45B2-A41F-68B6ABA6F3B9}.Release|x86.Build.0 = Release|Any CPU
		{935E5EB1-45D4-4A88-8604-70B0FEFF0CAD}.Debug|Any CPU.ActiveCfg = Debug|Any CPU
		{935E5EB1-45D4-4A88-8604-70B0FEFF0CAD}.Debug|Any CPU.Build.0 = Debug|Any CPU
		{935E5EB1-45D4-4A88-8604-70B0FEFF0CAD}.Debug|x64.ActiveCfg = Debug|Any CPU
		{935E5EB1-45D4-4A88-8604-70B0FEFF0CAD}.Debug|x64.Build.0 = Debug|Any CPU
		{935E5EB1-45D4-4A88-8604-70B0FEFF0CAD}.Debug|x86.ActiveCfg = Debug|Any CPU
		{935E5EB1-45D4-4A88-8604-70B0FEFF0CAD}.Debug|x86.Build.0 = Debug|Any CPU
		{935E5EB1-45D4-4A88-8604-70B0FEFF0CAD}.Release|Any CPU.ActiveCfg = Release|Any CPU
		{935E5EB1-45D4-4A88-8604-70B0FEFF0CAD}.Release|Any CPU.Build.0 = Release|Any CPU
		{935E5EB1-45D4-4A88-8604-70B0FEFF0CAD}.Release|x64.ActiveCfg = Release|Any CPU
		{935E5EB1-45D4-4A88-8604-70B0FEFF0CAD}.Release|x64.Build.0 = Release|Any CPU
		{935E5EB1-45D4-4A88-8604-70B0FEFF0CAD}.Release|x86.ActiveCfg = Release|Any CPU
		{935E5EB1-45D4-4A88-8604-70B0FEFF0CAD}.Release|x86.Build.0 = Release|Any CPU
		{CC9E7CBA-A7EE-4413-8CCF-498A4ADD10EF}.Debug|Any CPU.ActiveCfg = Debug|Any CPU
		{CC9E7CBA-A7EE-4413-8CCF-498A4ADD10EF}.Debug|Any CPU.Build.0 = Debug|Any CPU
		{CC9E7CBA-A7EE-4413-8CCF-498A4ADD10EF}.Debug|x64.ActiveCfg = Debug|Any CPU
		{CC9E7CBA-A7EE-4413-8CCF-498A4ADD10EF}.Debug|x64.Build.0 = Debug|Any CPU
		{CC9E7CBA-A7EE-4413-8CCF-498A4ADD10EF}.Debug|x86.ActiveCfg = Debug|Any CPU
		{CC9E7CBA-A7EE-4413-8CCF-498A4ADD10EF}.Debug|x86.Build.0 = Debug|Any CPU
		{CC9E7CBA-A7EE-4413-8CCF-498A4ADD10EF}.Release|Any CPU.ActiveCfg = Release|Any CPU
		{CC9E7CBA-A7EE-4413-8CCF-498A4ADD10EF}.Release|Any CPU.Build.0 = Release|Any CPU
		{CC9E7CBA-A7EE-4413-8CCF-498A4ADD10EF}.Release|x64.ActiveCfg = Release|Any CPU
		{CC9E7CBA-A7EE-4413-8CCF-498A4ADD10EF}.Release|x64.Build.0 = Release|Any CPU
		{CC9E7CBA-A7EE-4413-8CCF-498A4ADD10EF}.Release|x86.ActiveCfg = Release|Any CPU
		{CC9E7CBA-A7EE-4413-8CCF-498A4ADD10EF}.Release|x86.Build.0 = Release|Any CPU
		{445EB6BA-5F1A-4A91-89CE-EE5A6DDF56A1}.Debug|Any CPU.ActiveCfg = Debug|Any CPU
		{445EB6BA-5F1A-4A91-89CE-EE5A6DDF56A1}.Debug|Any CPU.Build.0 = Debug|Any CPU
		{445EB6BA-5F1A-4A91-89CE-EE5A6DDF56A1}.Debug|x64.ActiveCfg = Debug|Any CPU
		{445EB6BA-5F1A-4A91-89CE-EE5A6DDF56A1}.Debug|x64.Build.0 = Debug|Any CPU
		{445EB6BA-5F1A-4A91-89CE-EE5A6DDF56A1}.Debug|x86.ActiveCfg = Debug|Any CPU
		{445EB6BA-5F1A-4A91-89CE-EE5A6DDF56A1}.Debug|x86.Build.0 = Debug|Any CPU
		{445EB6BA-5F1A-4A91-89CE-EE5A6DDF56A1}.Release|Any CPU.ActiveCfg = Release|Any CPU
		{445EB6BA-5F1A-4A91-89CE-EE5A6DDF56A1}.Release|Any CPU.Build.0 = Release|Any CPU
		{445EB6BA-5F1A-4A91-89CE-EE5A6DDF56A1}.Release|x64.ActiveCfg = Release|Any CPU
		{445EB6BA-5F1A-4A91-89CE-EE5A6DDF56A1}.Release|x64.Build.0 = Release|Any CPU
		{445EB6BA-5F1A-4A91-89CE-EE5A6DDF56A1}.Release|x86.ActiveCfg = Release|Any CPU
		{445EB6BA-5F1A-4A91-89CE-EE5A6DDF56A1}.Release|x86.Build.0 = Release|Any CPU
		{3ECC58E6-E6CB-40FC-951B-690E6E98550E}.Debug|Any CPU.ActiveCfg = Debug|Any CPU
		{3ECC58E6-E6CB-40FC-951B-690E6E98550E}.Debug|Any CPU.Build.0 = Debug|Any CPU
		{3ECC58E6-E6CB-40FC-951B-690E6E98550E}.Debug|x64.ActiveCfg = Debug|Any CPU
		{3ECC58E6-E6CB-40FC-951B-690E6E98550E}.Debug|x64.Build.0 = Debug|Any CPU
		{3ECC58E6-E6CB-40FC-951B-690E6E98550E}.Debug|x86.ActiveCfg = Debug|Any CPU
		{3ECC58E6-E6CB-40FC-951B-690E6E98550E}.Debug|x86.Build.0 = Debug|Any CPU
		{3ECC58E6-E6CB-40FC-951B-690E6E98550E}.Release|Any CPU.ActiveCfg = Release|Any CPU
		{3ECC58E6-E6CB-40FC-951B-690E6E98550E}.Release|Any CPU.Build.0 = Release|Any CPU
		{3ECC58E6-E6CB-40FC-951B-690E6E98550E}.Release|x64.ActiveCfg = Release|Any CPU
		{3ECC58E6-E6CB-40FC-951B-690E6E98550E}.Release|x64.Build.0 = Release|Any CPU
		{3ECC58E6-E6CB-40FC-951B-690E6E98550E}.Release|x86.ActiveCfg = Release|Any CPU
		{3ECC58E6-E6CB-40FC-951B-690E6E98550E}.Release|x86.Build.0 = Release|Any CPU
		{57DE07AE-BA9F-492A-96E0-C13229468DDF}.Debug|Any CPU.ActiveCfg = Debug|Any CPU
		{57DE07AE-BA9F-492A-96E0-C13229468DDF}.Debug|Any CPU.Build.0 = Debug|Any CPU
		{57DE07AE-BA9F-492A-96E0-C13229468DDF}.Debug|x64.ActiveCfg = Debug|Any CPU
		{57DE07AE-BA9F-492A-96E0-C13229468DDF}.Debug|x64.Build.0 = Debug|Any CPU
		{57DE07AE-BA9F-492A-96E0-C13229468DDF}.Debug|x86.ActiveCfg = Debug|Any CPU
		{57DE07AE-BA9F-492A-96E0-C13229468DDF}.Debug|x86.Build.0 = Debug|Any CPU
		{57DE07AE-BA9F-492A-96E0-C13229468DDF}.Release|Any CPU.ActiveCfg = Release|Any CPU
		{57DE07AE-BA9F-492A-96E0-C13229468DDF}.Release|Any CPU.Build.0 = Release|Any CPU
		{57DE07AE-BA9F-492A-96E0-C13229468DDF}.Release|x64.ActiveCfg = Release|Any CPU
		{57DE07AE-BA9F-492A-96E0-C13229468DDF}.Release|x64.Build.0 = Release|Any CPU
		{57DE07AE-BA9F-492A-96E0-C13229468DDF}.Release|x86.ActiveCfg = Release|Any CPU
		{57DE07AE-BA9F-492A-96E0-C13229468DDF}.Release|x86.Build.0 = Release|Any CPU
	EndGlobalSection
	GlobalSection(SolutionProperties) = preSolution
		HideSolutionNode = FALSE
	EndGlobalSection
	GlobalSection(NestedProjects) = preSolution
		{F19752C3-6DB2-4011-AF99-30730D2CDFA0} = {A0A6DAFF-49B2-4244-AF68-B050EA232C36}
		{D9894D26-EDEA-4C84-8F93-79484B0C6E6E} = {A0A6DAFF-49B2-4244-AF68-B050EA232C36}
		{997B5FF7-4D5D-4884-92BD-EB5510F9FFA6} = {A0A6DAFF-49B2-4244-AF68-B050EA232C36}
		{0ACD9334-1F63-4114-8CAF-42FDD6A6B917} = {A0A6DAFF-49B2-4244-AF68-B050EA232C36}
		{E2F02174-B742-475B-861E-C650C4938F51} = {F19752C3-6DB2-4011-AF99-30730D2CDFA0}
		{B145CB67-E320-4EC7-AAD3-A8A4D69B0628} = {F19752C3-6DB2-4011-AF99-30730D2CDFA0}
		{10AFA2B9-FEE0-4453-A398-8731FADE29C2} = {F19752C3-6DB2-4011-AF99-30730D2CDFA0}
		{4E1DEEFD-E883-4320-B3DE-F216A8965AC9} = {F19752C3-6DB2-4011-AF99-30730D2CDFA0}
		{32ED9A7A-B605-45F0-8A7C-D066C8122B84} = {F19752C3-6DB2-4011-AF99-30730D2CDFA0}
		{05FAC89F-3D5C-4340-8279-AF65A4B5726D} = {F19752C3-6DB2-4011-AF99-30730D2CDFA0}
		{D4903680-F2D9-45A7-B873-847AFAB6E006} = {F19752C3-6DB2-4011-AF99-30730D2CDFA0}
		{A15BA310-38CF-4B4C-B48E-F89F9E4DAF67} = {F19752C3-6DB2-4011-AF99-30730D2CDFA0}
		{B59AB814-EF51-48BB-9594-AE670B715C34} = {F19752C3-6DB2-4011-AF99-30730D2CDFA0}
		{03CC199D-C594-4EE9-A752-D6083ED5F8BD} = {DF762352-A6A2-4347-BECA-82108E554D43}
		{869F5ABA-70FA-4451-ACDC-74A87C1B9609} = {F19752C3-6DB2-4011-AF99-30730D2CDFA0}
		{F0E11866-5CBB-70D7-B828-0C853EED6857} = {33132C1B-639D-4160-9208-56DC3AF880AF}
		{A1B2C3D4-E5F6-7890-ABCD-EF1234567890} = {F0E11866-5CBB-70D7-B828-0C853EED6857}
		{D3CE5296-2A47-4B75-AF74-87B0D8948323} = {F0E11866-5CBB-70D7-B828-0C853EED6857}
		{8EB20F60-ACA4-A2FA-1B47-1AFCC4CAD3B4} = {F0E11866-5CBB-70D7-B828-0C853EED6857}
		{26B7117B-F631-4275-8453-83A6CC0C8B76} = {8EB20F60-ACA4-A2FA-1B47-1AFCC4CAD3B4}
		{21EEB585-F979-4F13-84CC-7C77D8D699E9} = {F0E11866-5CBB-70D7-B828-0C853EED6857}
		{0359F731-8BA0-42F6-82FF-E2499BD63C37} = {F0E11866-5CBB-70D7-B828-0C853EED6857}
		{F41D0BE4-D70F-42B4-994E-65B0E82F312E} = {8EB20F60-ACA4-A2FA-1B47-1AFCC4CAD3B4}
		{4A32106B-AA39-430E-B987-834CC1BDD103} = {8EB20F60-ACA4-A2FA-1B47-1AFCC4CAD3B4}
		{0D4ABC67-3B4C-4C71-B6FE-AEE028DCA940} = {F19752C3-6DB2-4011-AF99-30730D2CDFA0}
		{F5F1114B-BB2F-4C08-9B11-E7DCADF23BAF} = {F19752C3-6DB2-4011-AF99-30730D2CDFA0}
		{FBD23504-827E-4D6F-B995-52DBC1783507} = {F19752C3-6DB2-4011-AF99-30730D2CDFA0}
		{EEFF5B15-3DEF-4756-A721-EF48F2B9DB92} = {F19752C3-6DB2-4011-AF99-30730D2CDFA0}
		{32BB14F1-5311-45B2-A41F-68B6ABA6F3B9} = {F19752C3-6DB2-4011-AF99-30730D2CDFA0}
		{935E5EB1-45D4-4A88-8604-70B0FEFF0CAD} = {8EB20F60-ACA4-A2FA-1B47-1AFCC4CAD3B4}
		{CC9E7CBA-A7EE-4413-8CCF-498A4ADD10EF} = {8EB20F60-ACA4-A2FA-1B47-1AFCC4CAD3B4}
		{445EB6BA-5F1A-4A91-89CE-EE5A6DDF56A1} = {F19752C3-6DB2-4011-AF99-30730D2CDFA0}
		{3ECC58E6-E6CB-40FC-951B-690E6E98550E} = {F19752C3-6DB2-4011-AF99-30730D2CDFA0}
		{57DE07AE-BA9F-492A-96E0-C13229468DDF} = {F19752C3-6DB2-4011-AF99-30730D2CDFA0}
	EndGlobalSection
EndGlobal
